
Microsoft Visual Studio Solution File, Format Version 12.00
# Visual Studio Version 17
VisualStudioVersion = 17.0.32126.317
MinimumVisualStudioVersion = 10.0.40219.1
Project("{FAE04EC0-301F-11D3-BF4B-00C04F79EFBC}") = "WindowsFormsApp1", "WindowsFormsApp1\WindowsFormsApp1.csproj", "{6EC9BA79-9D0D-4CAE-8D61-7DB377C6AE42}"
EndProject
Global
	GlobalSection(SolutionConfigurationPlatforms) = preSolution
		Debug|Any CPU = Debug|Any CPU
		Release|Any CPU = Release|Any CPU
	EndGlobalSection
	GlobalSection(ProjectConfigurationPlatforms) = postSolution
		{6EC9BA79-9D0D-4CAE-8D61-7DB377C6AE42}.Debug|Any CPU.ActiveCfg = Debug|Any CPU
		{6EC9BA79-9D0D-4CAE-8D61-7DB377C6AE42}.Debug|Any CPU.Build.0 = Debug|Any CPU
		{6EC9BA79-9D0D-4CAE-8D61-7DB377C6AE42}.Release|Any CPU.ActiveCfg = Release|Any CPU
		{6EC9BA79-9D0D-4CAE-8D61-7DB377C6AE42}.Release|Any CPU.Build.0 = Release|Any CPU
	EndGlobalSection
	GlobalSection(SolutionProperties) = preSolution
		HideSolutionNode = FALSE
	EndGlobalSection
	GlobalSection(ExtensibilityGlobals) = postSolution
		SolutionGuid = {ED4C9CA2-F5AE-4D05-852F-6F460DF978E5}
	EndGlobalSection
EndGlobal
